{
  "version": 4,
  "terraform_version": "0.13.1",
  "serial": 13,
  "lineage": "bc62704e-5bfe-75d2-c382-02d1a9fe5365",
  "outputs": {
    "global-accelerator": {
      "value": {
        "dns": "a0c9b688b1c399103.awsglobalaccelerator.com",
        "ip": [
          [
            "13.248.220.13",
            "76.223.71.201"
          ]
        ]
      },
      "type": [
        "object",
        {
          "dns": "string",
          "ip": [
            "list",
            [
              "list",
              "string"
            ]
          ]
        }
      ]
    }
  },
  "resources": [
    {
      "module": "module.accelerator",
      "mode": "managed",
      "type": "aws_globalaccelerator_accelerator",
      "name": "aga",
      "provider": "module.accelerator.provider[\"registry.terraform.io/hashicorp/aws\"]",
      "instances": [
        {
          "schema_version": 0,
          "attributes": {
            "attributes": [
              {
                "flow_logs_enabled": false,
                "flow_logs_s3_bucket": "",
                "flow_logs_s3_prefix": ""
              }
            ],
            "dns_name": "a0c9b688b1c399103.awsglobalaccelerator.com",
            "enabled": true,
            "hosted_zone_id": "Z2BJ6XQ5FK7U4H",
            "id": "arn:aws:globalaccelerator::043952484204:accelerator/7bcbc468-5a59-46d4-9778-714079802930",
            "ip_address_type": "IPV4",
            "ip_sets": [
              {
                "ip_addresses": [
                  "13.248.220.13",
                  "76.223.71.201"
                ],
                "ip_family": "IPv4"
              }
            ],
            "name": "Example",
            "tags": {}
          },
          "private": "bnVsbA=="
        }
      ]
    },
    {
      "module": "module.accelerator",
      "mode": "managed",
      "type": "aws_globalaccelerator_listener",
      "name": "galisten",
      "provider": "module.accelerator.provider[\"registry.terraform.io/hashicorp/aws\"]",
      "instances": [
        {
          "schema_version": 0,
          "attributes": {
            "accelerator_arn": "arn:aws:globalaccelerator::043952484204:accelerator/7bcbc468-5a59-46d4-9778-714079802930",
            "client_affinity": "SOURCE_IP",
            "id": "arn:aws:globalaccelerator::043952484204:accelerator/7bcbc468-5a59-46d4-9778-714079802930/listener/54aea435",
            "port_range": [
              {
                "from_port": 80,
                "to_port": 80
              }
            ],
            "protocol": "TCP"
          },
          "private": "bnVsbA==",
          "dependencies": [
            "module.accelerator.aws_globalaccelerator_accelerator.aga"
          ]
        }
      ]
    },
    {
      "module": "module.my-regions-1",
      "mode": "data",
      "type": "aws_ami",
      "name": "amazon-linux",
      "provider": "module.my-regions-1.provider[\"registry.terraform.io/hashicorp/aws\"]",
      "instances": [
        {
          "schema_version": 0,
          "attributes": {
            "architecture": "x86_64",
            "arn": "arn:aws:ec2:us-west-1::image/ami-0e65ed16c9bf1abc7",
            "block_device_mappings": [
              {
                "device_name": "/dev/xvda",
                "ebs": {
                  "delete_on_termination": "true",
                  "encrypted": "false",
                  "iops": "0",
                  "snapshot_id": "snap-05db2e8c50613559a",
                  "volume_size": "8",
                  "volume_type": "gp2"
                },
                "no_device": "",
                "virtual_name": ""
              }
            ],
            "creation_date": "2020-09-04T02:27:49.000Z",
            "description": "Amazon Linux 2 AMI 2.0.20200904.0 x86_64 HVM gp2",
            "executable_users": null,
            "filter": [
              {
                "name": "name",
                "values": [
                  "amzn2-ami-hvm*"
                ]
              }
            ],
            "hypervisor": "xen",
            "id": "ami-0e65ed16c9bf1abc7",
            "image_id": "ami-0e65ed16c9bf1abc7",
            "image_location": "amazon/amzn2-ami-hvm-2.0.20200904.0-x86_64-gp2",
            "image_owner_alias": "amazon",
            "image_type": "machine",
            "kernel_id": null,
            "most_recent": true,
            "name": "amzn2-ami-hvm-2.0.20200904.0-x86_64-gp2",
            "name_regex": null,
            "owner_id": "137112412989",
            "owners": [
              "137112412989"
            ],
            "platform": null,
            "product_codes": [],
            "public": true,
            "ramdisk_id": null,
            "root_device_name": "/dev/xvda",
            "root_device_type": "ebs",
            "root_snapshot_id": "snap-05db2e8c50613559a",
            "sriov_net_support": "simple",
            "state": "available",
            "state_reason": {
              "code": "UNSET",
              "message": "UNSET"
            },
            "tags": {},
            "virtualization_type": "hvm"
          }
        }
      ]
    },
    {
      "module": "module.my-regions-1",
      "mode": "managed",
      "type": "aws_eip",
      "name": "ep",
      "provider": "module.my-regions-1.provider[\"registry.terraform.io/hashicorp/aws\"]",
      "instances": [
        {
          "index_key": 0,
          "schema_version": 0,
          "attributes": {
            "allocation_id": null,
            "associate_with_private_ip": null,
            "association_id": "eipassoc-04ce81868f4e29737",
            "customer_owned_ip": "",
            "customer_owned_ipv4_pool": "",
            "domain": "vpc",
            "id": "eipalloc-0ba88b3fdbfed724c",
            "instance": "i-07b32fed9c73c2bc6",
            "network_interface": "eni-090e2de1798985f79",
            "private_dns": "ip-172-31-2-191.us-west-1.compute.internal",
            "private_ip": "172.31.2.191",
            "public_dns": "ec2-54-241-125-93.us-west-1.compute.amazonaws.com",
            "public_ip": "54.241.125.93",
            "public_ipv4_pool": "amazon",
            "tags": {},
            "timeouts": null,
            "vpc": true
          },
          "private": "eyJlMmJmYjczMC1lY2FhLTExZTYtOGY4OC0zNDM2M2JjN2M0YzAiOnsiZGVsZXRlIjoxODAwMDAwMDAwMDAsInJlYWQiOjkwMDAwMDAwMDAwMCwidXBkYXRlIjozMDAwMDAwMDAwMDB9fQ==",
          "dependencies": [
            "module.my-regions-1.aws_instance.aginst",
            "module.my-regions-1.data.aws_ami.amazon-linux"
          ]
        }
      ]
    },
    {
      "module": "module.my-regions-1",
      "mode": "managed",
      "type": "aws_globalaccelerator_endpoint_group",
      "name": "gaepg",
      "provider": "module.my-regions-1.provider[\"registry.terraform.io/hashicorp/aws\"]",
      "instances": [
        {
          "schema_version": 0,
          "attributes": {
            "endpoint_configuration": [
              {
                "client_ip_preservation_enabled": false,
                "endpoint_id": "eipalloc-0ba88b3fdbfed724c",
                "weight": 100
              }
            ],
            "endpoint_group_region": "us-west-1",
            "health_check_interval_seconds": 30,
            "health_check_path": "",
            "health_check_port": 80,
            "health_check_protocol": "TCP",
            "id": "arn:aws:globalaccelerator::043952484204:accelerator/7bcbc468-5a59-46d4-9778-714079802930/listener/54aea435/endpoint-group/526e6c403500",
            "listener_arn": "arn:aws:globalaccelerator::043952484204:accelerator/7bcbc468-5a59-46d4-9778-714079802930/listener/54aea435",
            "threshold_count": 3,
            "traffic_dial_percentage": 100
          },
          "private": "bnVsbA==",
          "dependencies": [
            "module.accelerator.aws_globalaccelerator_accelerator.aga",
            "module.accelerator.aws_globalaccelerator_listener.galisten",
            "module.my-regions-1.aws_eip.ep",
            "module.my-regions-1.aws_instance.aginst",
            "module.my-regions-1.data.aws_ami.amazon-linux"
          ]
        }
      ]
    },
    {
      "module": "module.my-regions-1",
      "mode": "managed",
      "type": "aws_instance",
      "name": "aginst",
      "provider": "module.my-regions-1.provider[\"registry.terraform.io/hashicorp/aws\"]",
      "instances": [
        {
          "index_key": 0,
          "schema_version": 1,
          "attributes": {
            "ami": "ami-0e65ed16c9bf1abc7",
            "arn": "arn:aws:ec2:us-west-1:043952484204:instance/i-07b32fed9c73c2bc6",
            "associate_public_ip_address": true,
            "availability_zone": "us-west-1a",
            "cpu_core_count": 1,
            "cpu_threads_per_core": 1,
            "credit_specification": [
              {
                "cpu_credits": "standard"
              }
            ],
            "disable_api_termination": false,
            "ebs_block_device": [],
            "ebs_optimized": false,
            "ephemeral_block_device": [],
            "get_password_data": false,
            "hibernation": false,
            "host_id": null,
            "iam_instance_profile": "",
            "id": "i-07b32fed9c73c2bc6",
            "instance_initiated_shutdown_behavior": null,
            "instance_state": "running",
            "instance_type": "t2.micro",
            "ipv6_address_count": 0,
            "ipv6_addresses": [],
            "key_name": "kp-ncal-ramanjaneyu",
            "metadata_options": [
              {
                "http_endpoint": "enabled",
                "http_put_response_hop_limit": 1,
                "http_tokens": "optional"
              }
            ],
            "monitoring": false,
            "network_interface": [],
            "outpost_arn": "",
            "password_data": "",
            "placement_group": "",
            "primary_network_interface_id": "eni-090e2de1798985f79",
            "private_dns": "ip-172-31-2-191.us-west-1.compute.internal",
            "private_ip": "172.31.2.191",
            "public_dns": "ec2-54-241-125-93.us-west-1.compute.amazonaws.com",
            "public_ip": "54.241.125.93",
            "root_block_device": [
              {
                "delete_on_termination": true,
                "device_name": "/dev/xvda",
                "encrypted": false,
                "iops": 100,
                "kms_key_id": "",
                "volume_id": "vol-011f39ed68bf7dcd2",
                "volume_size": 8,
                "volume_type": "gp2"
              }
            ],
            "secondary_private_ips": [],
            "security_groups": [
              "default"
            ],
            "source_dest_check": true,
            "subnet_id": "subnet-3940aa62",
            "tags": {},
            "tenancy": "default",
            "timeouts": null,
            "user_data": "58966d04420d2a82fa35997e487da65f7f21966a",
            "user_data_base64": null,
            "volume_tags": {},
            "vpc_security_group_ids": [
              "sg-1fc88079"
            ]
          },
          "private": "eyJlMmJmYjczMC1lY2FhLTExZTYtOGY4OC0zNDM2M2JjN2M0YzAiOnsiY3JlYXRlIjo2MDAwMDAwMDAwMDAsImRlbGV0ZSI6MTIwMDAwMDAwMDAwMCwidXBkYXRlIjo2MDAwMDAwMDAwMDB9LCJzY2hlbWFfdmVyc2lvbiI6IjEifQ==",
          "dependencies": [
            "module.my-regions-1.data.aws_ami.amazon-linux"
          ]
        }
      ]
    },
    {
      "module": "module.my-regions-2",
      "mode": "data",
      "type": "aws_ami",
      "name": "amazon-linux",
      "provider": "module.my-regions-2.provider[\"registry.terraform.io/hashicorp/aws\"]",
      "instances": [
        {
          "schema_version": 0,
          "attributes": {
            "architecture": "x86_64",
            "arn": "arn:aws:ec2:eu-west-3::image/ami-0697b068b80d79421",
            "block_device_mappings": [
              {
                "device_name": "/dev/xvda",
                "ebs": {
                  "delete_on_termination": "true",
                  "encrypted": "false",
                  "iops": "0",
                  "snapshot_id": "snap-0f06bcadcd6f87899",
                  "volume_size": "8",
                  "volume_type": "gp2"
                },
                "no_device": "",
                "virtual_name": ""
              }
            ],
            "creation_date": "2020-09-04T02:27:52.000Z",
            "description": "Amazon Linux 2 AMI 2.0.20200904.0 x86_64 HVM gp2",
            "executable_users": null,
            "filter": [
              {
                "name": "name",
                "values": [
                  "amzn2-ami-hvm*"
                ]
              }
            ],
            "hypervisor": "xen",
            "id": "ami-0697b068b80d79421",
            "image_id": "ami-0697b068b80d79421",
            "image_location": "amazon/amzn2-ami-hvm-2.0.20200904.0-x86_64-gp2",
            "image_owner_alias": "amazon",
            "image_type": "machine",
            "kernel_id": null,
            "most_recent": true,
            "name": "amzn2-ami-hvm-2.0.20200904.0-x86_64-gp2",
            "name_regex": null,
            "owner_id": "137112412989",
            "owners": [
              "137112412989"
            ],
            "platform": null,
            "product_codes": [],
            "public": true,
            "ramdisk_id": null,
            "root_device_name": "/dev/xvda",
            "root_device_type": "ebs",
            "root_snapshot_id": "snap-0f06bcadcd6f87899",
            "sriov_net_support": "simple",
            "state": "available",
            "state_reason": {
              "code": "UNSET",
              "message": "UNSET"
            },
            "tags": {},
            "virtualization_type": "hvm"
          }
        }
      ]
    },
    {
      "module": "module.my-regions-2",
      "mode": "managed",
      "type": "aws_eip",
      "name": "ep",
      "provider": "module.my-regions-2.provider[\"registry.terraform.io/hashicorp/aws\"]",
      "instances": [
        {
          "index_key": 0,
          "schema_version": 0,
          "attributes": {
            "allocation_id": null,
            "associate_with_private_ip": null,
            "association_id": "eipassoc-0d747436b70e1e744",
            "customer_owned_ip": "",
            "customer_owned_ipv4_pool": "",
            "domain": "vpc",
            "id": "eipalloc-0ca7730b1359a3f7b",
            "instance": "i-01bb919534bc9b7bc",
            "network_interface": "eni-05ac01eed5dd1f998",
            "private_dns": "ip-172-31-17-135.eu-west-3.compute.internal",
            "private_ip": "172.31.17.135",
            "public_dns": "ec2-35-180-168-25.eu-west-3.compute.amazonaws.com",
            "public_ip": "35.180.168.25",
            "public_ipv4_pool": "amazon",
            "tags": {},
            "timeouts": null,
            "vpc": true
          },
          "private": "eyJlMmJmYjczMC1lY2FhLTExZTYtOGY4OC0zNDM2M2JjN2M0YzAiOnsiZGVsZXRlIjoxODAwMDAwMDAwMDAsInJlYWQiOjkwMDAwMDAwMDAwMCwidXBkYXRlIjozMDAwMDAwMDAwMDB9fQ==",
          "dependencies": [
            "module.my-regions-2.aws_instance.aginst",
            "module.my-regions-2.data.aws_ami.amazon-linux"
          ]
        }
      ]
    },
    {
      "module": "module.my-regions-2",
      "mode": "managed",
      "type": "aws_globalaccelerator_endpoint_group",
      "name": "gaepg",
      "provider": "module.my-regions-2.provider[\"registry.terraform.io/hashicorp/aws\"]",
      "instances": [
        {
          "schema_version": 0,
          "attributes": {
            "endpoint_configuration": [
              {
                "client_ip_preservation_enabled": false,
                "endpoint_id": "eipalloc-0ca7730b1359a3f7b",
                "weight": 100
              }
            ],
            "endpoint_group_region": "eu-west-3",
            "health_check_interval_seconds": 30,
            "health_check_path": "",
            "health_check_port": 80,
            "health_check_protocol": "TCP",
            "id": "arn:aws:globalaccelerator::043952484204:accelerator/7bcbc468-5a59-46d4-9778-714079802930/listener/54aea435/endpoint-group/7f6148f1e008",
            "listener_arn": "arn:aws:globalaccelerator::043952484204:accelerator/7bcbc468-5a59-46d4-9778-714079802930/listener/54aea435",
            "threshold_count": 3,
            "traffic_dial_percentage": 100
          },
          "private": "bnVsbA==",
          "dependencies": [
            "module.accelerator.aws_globalaccelerator_accelerator.aga",
            "module.accelerator.aws_globalaccelerator_listener.galisten",
            "module.my-regions-2.aws_eip.ep",
            "module.my-regions-2.aws_instance.aginst",
            "module.my-regions-2.data.aws_ami.amazon-linux"
          ]
        }
      ]
    },
    {
      "module": "module.my-regions-2",
      "mode": "managed",
      "type": "aws_instance",
      "name": "aginst",
      "provider": "module.my-regions-2.provider[\"registry.terraform.io/hashicorp/aws\"]",
      "instances": [
        {
          "index_key": 0,
          "schema_version": 1,
          "attributes": {
            "ami": "ami-0697b068b80d79421",
            "arn": "arn:aws:ec2:eu-west-3:043952484204:instance/i-01bb919534bc9b7bc",
            "associate_public_ip_address": true,
            "availability_zone": "eu-west-3b",
            "cpu_core_count": 1,
            "cpu_threads_per_core": 1,
            "credit_specification": [
              {
                "cpu_credits": "standard"
              }
            ],
            "disable_api_termination": false,
            "ebs_block_device": [],
            "ebs_optimized": false,
            "ephemeral_block_device": [],
            "get_password_data": false,
            "hibernation": false,
            "host_id": null,
            "iam_instance_profile": "",
            "id": "i-01bb919534bc9b7bc",
            "instance_initiated_shutdown_behavior": null,
            "instance_state": "running",
            "instance_type": "t2.micro",
            "ipv6_address_count": 0,
            "ipv6_addresses": [],
            "key_name": "kp-ncal-ramanjaneyu",
            "metadata_options": [
              {
                "http_endpoint": "enabled",
                "http_put_response_hop_limit": 1,
                "http_tokens": "optional"
              }
            ],
            "monitoring": false,
            "network_interface": [],
            "outpost_arn": "",
            "password_data": "",
            "placement_group": "",
            "primary_network_interface_id": "eni-05ac01eed5dd1f998",
            "private_dns": "ip-172-31-17-135.eu-west-3.compute.internal",
            "private_ip": "172.31.17.135",
            "public_dns": "ec2-35-180-168-25.eu-west-3.compute.amazonaws.com",
            "public_ip": "35.180.168.25",
            "root_block_device": [
              {
                "delete_on_termination": true,
                "device_name": "/dev/xvda",
                "encrypted": false,
                "iops": 100,
                "kms_key_id": "",
                "volume_id": "vol-08232e153a69f4b42",
                "volume_size": 8,
                "volume_type": "gp2"
              }
            ],
            "secondary_private_ips": [],
            "security_groups": [
              "default"
            ],
            "source_dest_check": true,
            "subnet_id": "subnet-e554fb9e",
            "tags": {},
            "tenancy": "default",
            "timeouts": null,
            "user_data": "58966d04420d2a82fa35997e487da65f7f21966a",
            "user_data_base64": null,
            "volume_tags": {},
            "vpc_security_group_ids": [
              "sg-9b3030f2"
            ]
          },
          "private": "eyJlMmJmYjczMC1lY2FhLTExZTYtOGY4OC0zNDM2M2JjN2M0YzAiOnsiY3JlYXRlIjo2MDAwMDAwMDAwMDAsImRlbGV0ZSI6MTIwMDAwMDAwMDAwMCwidXBkYXRlIjo2MDAwMDAwMDAwMDB9LCJzY2hlbWFfdmVyc2lvbiI6IjEifQ==",
          "dependencies": [
            "module.my-regions-2.data.aws_ami.amazon-linux"
          ]
        }
      ]
    },
    {
      "module": "module.my-regions-3",
      "mode": "data",
      "type": "aws_ami",
      "name": "amazon-linux",
      "provider": "module.my-regions-3.provider[\"registry.terraform.io/hashicorp/aws\"]",
      "instances": [
        {
          "schema_version": 0,
          "attributes": {
            "architecture": "x86_64",
            "arn": "arn:aws:ec2:ap-southeast-1::image/ami-0b1e534a4ff9019e0",
            "block_device_mappings": [
              {
                "device_name": "/dev/xvda",
                "ebs": {
                  "delete_on_termination": "true",
                  "encrypted": "false",
                  "iops": "0",
                  "snapshot_id": "snap-095e838127cfbe1ac",
                  "volume_size": "8",
                  "volume_type": "gp2"
                },
                "no_device": "",
                "virtual_name": ""
              }
            ],
            "creation_date": "2020-09-04T02:27:52.000Z",
            "description": "Amazon Linux 2 AMI 2.0.20200904.0 x86_64 HVM gp2",
            "executable_users": null,
            "filter": [
              {
                "name": "name",
                "values": [
                  "amzn2-ami-hvm*"
                ]
              }
            ],
            "hypervisor": "xen",
            "id": "ami-0b1e534a4ff9019e0",
            "image_id": "ami-0b1e534a4ff9019e0",
            "image_location": "amazon/amzn2-ami-hvm-2.0.20200904.0-x86_64-gp2",
            "image_owner_alias": "amazon",
            "image_type": "machine",
            "kernel_id": null,
            "most_recent": true,
            "name": "amzn2-ami-hvm-2.0.20200904.0-x86_64-gp2",
            "name_regex": null,
            "owner_id": "137112412989",
            "owners": [
              "137112412989"
            ],
            "platform": null,
            "product_codes": [],
            "public": true,
            "ramdisk_id": null,
            "root_device_name": "/dev/xvda",
            "root_device_type": "ebs",
            "root_snapshot_id": "snap-095e838127cfbe1ac",
            "sriov_net_support": "simple",
            "state": "available",
            "state_reason": {
              "code": "UNSET",
              "message": "UNSET"
            },
            "tags": {},
            "virtualization_type": "hvm"
          }
        }
      ]
    },
    {
      "module": "module.my-regions-3",
      "mode": "managed",
      "type": "aws_eip",
      "name": "ep",
      "provider": "module.my-regions-3.provider[\"registry.terraform.io/hashicorp/aws\"]",
      "instances": [
        {
          "index_key": 0,
          "schema_version": 0,
          "attributes": {
            "allocation_id": null,
            "associate_with_private_ip": null,
            "association_id": "eipassoc-0c92e6c1b17a09909",
            "customer_owned_ip": "",
            "customer_owned_ipv4_pool": "",
            "domain": "vpc",
            "id": "eipalloc-05f4b0b79ff868e08",
            "instance": "i-03d5d5750bcbaa124",
            "network_interface": "eni-046a9df918898a016",
            "private_dns": "ip-172-31-36-235.ap-southeast-1.compute.internal",
            "private_ip": "172.31.36.235",
            "public_dns": "ec2-52-220-71-177.ap-southeast-1.compute.amazonaws.com",
            "public_ip": "52.220.71.177",
            "public_ipv4_pool": "amazon",
            "tags": null,
            "timeouts": null,
            "vpc": true
          },
          "private": "eyJlMmJmYjczMC1lY2FhLTExZTYtOGY4OC0zNDM2M2JjN2M0YzAiOnsiZGVsZXRlIjoxODAwMDAwMDAwMDAsInJlYWQiOjkwMDAwMDAwMDAwMCwidXBkYXRlIjozMDAwMDAwMDAwMDB9fQ==",
          "dependencies": [
            "module.my-regions-3.aws_instance.aginst",
            "module.my-regions-3.data.aws_ami.amazon-linux"
          ]
        }
      ]
    },
    {
      "module": "module.my-regions-3",
      "mode": "managed",
      "type": "aws_globalaccelerator_endpoint_group",
      "name": "gaepg",
      "provider": "module.my-regions-3.provider[\"registry.terraform.io/hashicorp/aws\"]",
      "instances": [
        {
          "schema_version": 0,
          "attributes": {
            "endpoint_configuration": [
              {
                "client_ip_preservation_enabled": false,
                "endpoint_id": "eipalloc-05f4b0b79ff868e08",
                "weight": 100
              }
            ],
            "endpoint_group_region": "ap-southeast-1",
            "health_check_interval_seconds": 30,
            "health_check_path": "",
            "health_check_port": 80,
            "health_check_protocol": "TCP",
            "id": "arn:aws:globalaccelerator::043952484204:accelerator/7bcbc468-5a59-46d4-9778-714079802930/listener/54aea435/endpoint-group/af9e96342c00",
            "listener_arn": "arn:aws:globalaccelerator::043952484204:accelerator/7bcbc468-5a59-46d4-9778-714079802930/listener/54aea435",
            "threshold_count": 3,
            "traffic_dial_percentage": 100
          },
          "private": "bnVsbA==",
          "dependencies": [
            "module.accelerator.aws_globalaccelerator_listener.galisten",
            "module.my-regions-3.aws_eip.ep",
            "module.my-regions-3.aws_instance.aginst",
            "module.my-regions-3.data.aws_ami.amazon-linux"
          ]
        }
      ]
    },
    {
      "module": "module.my-regions-3",
      "mode": "managed",
      "type": "aws_instance",
      "name": "aginst",
      "provider": "module.my-regions-3.provider[\"registry.terraform.io/hashicorp/aws\"]",
      "instances": [
        {
          "index_key": 0,
          "schema_version": 1,
          "attributes": {
            "ami": "ami-0b1e534a4ff9019e0",
            "arn": "arn:aws:ec2:ap-southeast-1:043952484204:instance/i-03d5d5750bcbaa124",
            "associate_public_ip_address": true,
            "availability_zone": "ap-southeast-1c",
            "cpu_core_count": 1,
            "cpu_threads_per_core": 1,
            "credit_specification": [
              {
                "cpu_credits": "standard"
              }
            ],
            "disable_api_termination": false,
            "ebs_block_device": [],
            "ebs_optimized": false,
            "ephemeral_block_device": [],
            "get_password_data": false,
            "hibernation": false,
            "host_id": null,
            "iam_instance_profile": "",
            "id": "i-03d5d5750bcbaa124",
            "instance_initiated_shutdown_behavior": null,
            "instance_state": "running",
            "instance_type": "t2.micro",
            "ipv6_address_count": 0,
            "ipv6_addresses": [],
            "key_name": "kp-ncal-ramanjaneyu",
            "metadata_options": [
              {
                "http_endpoint": "enabled",
                "http_put_response_hop_limit": 1,
                "http_tokens": "optional"
              }
            ],
            "monitoring": false,
            "network_interface": [],
            "outpost_arn": "",
            "password_data": "",
            "placement_group": "",
            "primary_network_interface_id": "eni-046a9df918898a016",
            "private_dns": "ip-172-31-36-235.ap-southeast-1.compute.internal",
            "private_ip": "172.31.36.235",
            "public_dns": "ec2-18-140-116-115.ap-southeast-1.compute.amazonaws.com",
            "public_ip": "18.140.116.115",
            "root_block_device": [
              {
                "delete_on_termination": true,
                "device_name": "/dev/xvda",
                "encrypted": false,
                "iops": 100,
                "kms_key_id": "",
                "volume_id": "vol-03f347571233265df",
                "volume_size": 8,
                "volume_type": "gp2"
              }
            ],
            "secondary_private_ips": [],
            "security_groups": [
              "default"
            ],
            "source_dest_check": true,
            "subnet_id": "subnet-ea1036ac",
            "tags": null,
            "tenancy": "default",
            "timeouts": null,
            "user_data": "58966d04420d2a82fa35997e487da65f7f21966a",
            "user_data_base64": null,
            "volume_tags": {},
            "vpc_security_group_ids": [
              "sg-c25637a4"
            ]
          },
          "private": "eyJlMmJmYjczMC1lY2FhLTExZTYtOGY4OC0zNDM2M2JjN2M0YzAiOnsiY3JlYXRlIjo2MDAwMDAwMDAwMDAsImRlbGV0ZSI6MTIwMDAwMDAwMDAwMCwidXBkYXRlIjo2MDAwMDAwMDAwMDB9LCJzY2hlbWFfdmVyc2lvbiI6IjEifQ==",
          "dependencies": [
            "module.my-regions-3.data.aws_ami.amazon-linux"
          ]
        }
      ]
    }
  ]
}
